
Microsoft Visual Studio Solution File, Format Version 12.00
# Visual Studio Version 16
VisualStudioVersion = 16.0.30114.105
MinimumVisualStudioVersion = 10.0.40219.1
Project("{FAE04EC0-301F-11D3-BF4B-00C04F79EFBC}") = "GitLearning", "GitLearning\GitLearning.csproj", "{6C6FC10C-CD48-4CE6-BC26-6C48090C4FD1}"
EndProject
Global
	GlobalSection(SolutionConfigurationPlatforms) = preSolution
		Debug|Any CPU = Debug|Any CPU
		Release|Any CPU = Release|Any CPU
	EndGlobalSection
	GlobalSection(ProjectConfigurationPlatforms) = postSolution
		{6C6FC10C-CD48-4CE6-BC26-6C48090C4FD1}.Debug|Any CPU.ActiveCfg = Debug|Any CPU
		{6C6FC10C-CD48-4CE6-BC26-6C48090C4FD1}.Debug|Any CPU.Build.0 = Debug|Any CPU
		{6C6FC10C-CD48-4CE6-BC26-6C48090C4FD1}.Release|Any CPU.ActiveCfg = Release|Any CPU
		{6C6FC10C-CD48-4CE6-BC26-6C48090C4FD1}.Release|Any CPU.Build.0 = Release|Any CPU
	EndGlobalSection
	GlobalSection(SolutionProperties) = preSolution
		HideSolutionNode = FALSE
	EndGlobalSection
	GlobalSection(ExtensibilityGlobals) = postSolution
		SolutionGuid = {5C1FD437-4CD1-4FAD-86F0-53B38242D725}
	EndGlobalSection
EndGlobal
